
Microsoft Visual Studio Solution File, Format Version 12.00
# Visual Studio 15
VisualStudioVersion = 15.0.27703.2000
MinimumVisualStudioVersion = 10.0.40219.1
Project("{2150E333-8FDC-42A3-9474-1A3956D46DE8}") = "src", "src", "{2F845E5F-E6B9-46D5-B5D8-52BEE4B463F0}"
EndProject
Project("{9A19103F-16F7-4668-BE54-9A1E7A4F7556}") = "FaceRecognitionDotNet", "src\FaceRecognitionDotNet\FaceRecognitionDotNet.csproj", "{85AB4F26-48B7-4A21-A6C7-14EA6608B539}"
EndProject
Project("{9A19103F-16F7-4668-BE54-9A1E7A4F7556}") = "DlibDotNet", "DlibDotNet\src\DlibDotNet\DlibDotNet.csproj", "{BC72B97F-9631-4550-8DAC-5F96FF7DE9EB}"
EndProject
Project("{2150E333-8FDC-42A3-9474-1A3956D46DE8}") = "test", "test", "{501D0145-416F-42A7-B636-02A4F783C97C}"
EndProject
Project("{9A19103F-16F7-4668-BE54-9A1E7A4F7556}") = "FaceRecognitionDotNet.Tests", "test\FaceRecognitionDotNet.Tests\FaceRecognitionDotNet.Tests.csproj", "{EB355E8B-8070-4221-9CB9-7BD0655DC9A8}"
EndProject
Project("{2150E333-8FDC-42A3-9474-1A3956D46DE8}") = "examples", "examples", "{FEEAC07F-70D7-4C12-B92C-153CEE0F2539}"
EndProject
Project("{9A19103F-16F7-4668-BE54-9A1E7A4F7556}") = "FaceEncodingPerformance", "examples\FaceEncodingPerformance\FaceEncodingPerformance.csproj", "{D0CB4212-16D2-4DE5-8A26-83AF5E24C7D3}"
EndProject
Project("{9A19103F-16F7-4668-BE54-9A1E7A4F7556}") = "Benchmark", "examples\Benchmark\Benchmark.csproj", "{32599FBF-8E91-43BA-B0B6-38E3C7A02530}"
EndProject
Project("{9A19103F-16F7-4668-BE54-9A1E7A4F7556}") = "FaceDetection", "examples\FaceDetection\FaceDetection.csproj", "{49ED9EF1-7E3E-4959-B152-52545B973906}"
EndProject
Project("{9A19103F-16F7-4668-BE54-9A1E7A4F7556}") = "OpenCVSharpSample", "examples\OpenCVSharpSample\OpenCVSharpSample.csproj", "{3F6F21E5-DEF8-4F1A-BE8F-741A35B528D1}"
EndProject
Global
	GlobalSection(SolutionConfigurationPlatforms) = preSolution
		Debug|Any CPU = Debug|Any CPU
		Release|Any CPU = Release|Any CPU
	EndGlobalSection
	GlobalSection(ProjectConfigurationPlatforms) = postSolution
		{85AB4F26-48B7-4A21-A6C7-14EA6608B539}.Debug|Any CPU.ActiveCfg = Debug|Any CPU
		{85AB4F26-48B7-4A21-A6C7-14EA6608B539}.Debug|Any CPU.Build.0 = Debug|Any CPU
		{85AB4F26-48B7-4A21-A6C7-14EA6608B539}.Release|Any CPU.ActiveCfg = Release|Any CPU
		{85AB4F26-48B7-4A21-A6C7-14EA6608B539}.Release|Any CPU.Build.0 = Release|Any CPU
		{BC72B97F-9631-4550-8DAC-5F96FF7DE9EB}.Debug|Any CPU.ActiveCfg = Debug|Any CPU
		{BC72B97F-9631-4550-8DAC-5F96FF7DE9EB}.Debug|Any CPU.Build.0 = Debug|Any CPU
		{BC72B97F-9631-4550-8DAC-5F96FF7DE9EB}.Release|Any CPU.ActiveCfg = Release|Any CPU
		{BC72B97F-9631-4550-8DAC-5F96FF7DE9EB}.Release|Any CPU.Build.0 = Release|Any CPU
		{EB355E8B-8070-4221-9CB9-7BD0655DC9A8}.Debug|Any CPU.ActiveCfg = Debug|Any CPU
		{EB355E8B-8070-4221-9CB9-7BD0655DC9A8}.Debug|Any CPU.Build.0 = Debug|Any CPU
		{EB355E8B-8070-4221-9CB9-7BD0655DC9A8}.Release|Any CPU.ActiveCfg = Release|Any CPU
		{EB355E8B-8070-4221-9CB9-7BD0655DC9A8}.Release|Any CPU.Build.0 = Release|Any CPU
		{D0CB4212-16D2-4DE5-8A26-83AF5E24C7D3}.Debug|Any CPU.ActiveCfg = Debug|Any CPU
		{D0CB4212-16D2-4DE5-8A26-83AF5E24C7D3}.Debug|Any CPU.Build.0 = Debug|Any CPU
		{D0CB4212-16D2-4DE5-8A26-83AF5E24C7D3}.Release|Any CPU.ActiveCfg = Release|Any CPU
		{D0CB4212-16D2-4DE5-8A26-83AF5E24C7D3}.Release|Any CPU.Build.0 = Release|Any CPU
		{32599FBF-8E91-43BA-B0B6-38E3C7A02530}.Debug|Any CPU.ActiveCfg = Debug|Any CPU
		{32599FBF-8E91-43BA-B0B6-38E3C7A02530}.Debug|Any CPU.Build.0 = Debug|Any CPU
		{32599FBF-8E91-43BA-B0B6-38E3C7A02530}.Release|Any CPU.ActiveCfg = Release|Any CPU
		{32599FBF-8E91-43BA-B0B6-38E3C7A02530}.Release|Any CPU.Build.0 = Release|Any CPU
		{49ED9EF1-7E3E-4959-B152-52545B973906}.Debug|Any CPU.ActiveCfg = Debug|Any CPU
		{49ED9EF1-7E3E-4959-B152-52545B973906}.Debug|Any CPU.Build.0 = Debug|Any CPU
		{49ED9EF1-7E3E-4959-B152-52545B973906}.Release|Any CPU.ActiveCfg = Release|Any CPU
		{49ED9EF1-7E3E-4959-B152-52545B973906}.Release|Any CPU.Build.0 = Release|Any CPU
		{3F6F21E5-DEF8-4F1A-BE8F-741A35B528D1}.Debug|Any CPU.ActiveCfg = Debug|Any CPU
		{3F6F21E5-DEF8-4F1A-BE8F-741A35B528D1}.Debug|Any CPU.Build.0 = Debug|Any CPU
		{3F6F21E5-DEF8-4F1A-BE8F-741A35B528D1}.Release|Any CPU.ActiveCfg = Release|Any CPU
		{3F6F21E5-DEF8-4F1A-BE8F-741A35B528D1}.Release|Any CPU.Build.0 = Release|Any CPU
	EndGlobalSection
	GlobalSection(SolutionProperties) = preSolution
		HideSolutionNode = FALSE
	EndGlobalSection
	GlobalSection(NestedProjects) = preSolution
		{85AB4F26-48B7-4A21-A6C7-14EA6608B539} = {2F845E5F-E6B9-46D5-B5D8-52BEE4B463F0}
		{BC72B97F-9631-4550-8DAC-5F96FF7DE9EB} = {2F845E5F-E6B9-46D5-B5D8-52BEE4B463F0}
		{EB355E8B-8070-4221-9CB9-7BD0655DC9A8} = {501D0145-416F-42A7-B636-02A4F783C97C}
		{D0CB4212-16D2-4DE5-8A26-83AF5E24C7D3} = {FEEAC07F-70D7-4C12-B92C-153CEE0F2539}
		{32599FBF-8E91-43BA-B0B6-38E3C7A02530} = {FEEAC07F-70D7-4C12-B92C-153CEE0F2539}
		{49ED9EF1-7E3E-4959-B152-52545B973906} = {FEEAC07F-70D7-4C12-B92C-153CEE0F2539}
		{3F6F21E5-DEF8-4F1A-BE8F-741A35B528D1} = {FEEAC07F-70D7-4C12-B92C-153CEE0F2539}
	EndGlobalSection
	GlobalSection(ExtensibilityGlobals) = postSolution
		SolutionGuid = {4D44C572-D749-4A76-A199-8C598A08AE8A}
	EndGlobalSection
EndGlobal
